
Microsoft Visual Studio Solution File, Format Version 12.00
# Visual Studio Version 16
VisualStudioVersion = 16.0.32228.343
MinimumVisualStudioVersion = 10.0.40219.1
Project("{9A19103F-16F7-4668-BE54-9A1E7A4F7556}") = "Abstraction", "Abstraction\Abstraction.csproj", "{94E523B3-E792-49DE-91E9-F316E7F3A118}"
EndProject
Project("{FAE04EC0-301F-11D3-BF4B-00C04F79EFBC}") = "ClassLibrary", "ClassLibrary\ClassLibrary.csproj", "{DE5209C4-F057-47CD-8808-00B471C5310C}"
EndProject
Global
	GlobalSection(SolutionConfigurationPlatforms) = preSolution
		Debug|Any CPU = Debug|Any CPU
		Release|Any CPU = Release|Any CPU
	EndGlobalSection
	GlobalSection(ProjectConfigurationPlatforms) = postSolution
		{94E523B3-E792-49DE-91E9-F316E7F3A118}.Debug|Any CPU.ActiveCfg = Debug|Any CPU
		{94E523B3-E792-49DE-91E9-F316E7F3A118}.Debug|Any CPU.Build.0 = Debug|Any CPU
		{94E523B3-E792-49DE-91E9-F316E7F3A118}.Release|Any CPU.ActiveCfg = Release|Any CPU
		{94E523B3-E792-49DE-91E9-F316E7F3A118}.Release|Any CPU.Build.0 = Release|Any CPU
		{DE5209C4-F057-47CD-8808-00B471C5310C}.Debug|Any CPU.ActiveCfg = Debug|Any CPU
		{DE5209C4-F057-47CD-8808-00B471C5310C}.Debug|Any CPU.Build.0 = Debug|Any CPU
		{DE5209C4-F057-47CD-8808-00B471C5310C}.Release|Any CPU.ActiveCfg = Release|Any CPU
		{DE5209C4-F057-47CD-8808-00B471C5310C}.Release|Any CPU.Build.0 = Release|Any CPU
	EndGlobalSection
	GlobalSection(SolutionProperties) = preSolution
		HideSolutionNode = FALSE
	EndGlobalSection
	GlobalSection(ExtensibilityGlobals) = postSolution
		SolutionGuid = {A2B379B0-2459-4AAF-ADE4-DC8873E5944E}
	EndGlobalSection
EndGlobal
